// !$*UTF8*$!
{
	archiveVersion = 1;
	classes = {
	};
	objectVersion = 46;
	objects = {

/* Begin PBXBuildFile section */
		1309F3FE1D9A246F000D32B2 /* AppDelegate.swift in Sources */ = {isa = PBXBuildFile; fileRef = 1309F3FD1D9A246F000D32B2 /* AppDelegate.swift */; };
		1309F4001D9A246F000D32B2 /* ViewController.swift in Sources */ = {isa = PBXBuildFile; fileRef = 1309F3FF1D9A246F000D32B2 /* ViewController.swift */; };
		1309F4031D9A246F000D32B2 /* Main.storyboard in Resources */ = {isa = PBXBuildFile; fileRef = 1309F4011D9A246F000D32B2 /* Main.storyboard */; };
		1309F4051D9A246F000D32B2 /* Assets.xcassets in Resources */ = {isa = PBXBuildFile; fileRef = 1309F4041D9A246F000D32B2 /* Assets.xcassets */; };
		1309F4081D9A246F000D32B2 /* LaunchScreen.storyboard in Resources */ = {isa = PBXBuildFile; fileRef = 1309F4061D9A246F000D32B2 /* LaunchScreen.storyboard */; };
		1309F4171D9A24D2000D32B2 /* Dog.m in Sources */ = {isa = PBXBuildFile; fileRef = 1309F4161D9A24D2000D32B2 /* Dog.m */; };
/* End PBXBuildFile section */

/* Begin PBXFileReference section */
		1309F3FA1D9A246E000D32B2 /* IUOBridgeExample.app */ = {isa = PBXFileReference; explicitFileType = wrapper.application; includeInIndex = 0; path = IUOBridgeExample.app; sourceTree = BUILT_PRODUCTS_DIR; };
		1309F3FD1D9A246F000D32B2 /* AppDelegate.swift */ = {isa = PBXFileReference; lastKnownFileType = sourcecode.swift; path = AppDelegate.swift; sourceTree = "<group>"; };
		1309F3FF1D9A246F000D32B2 /* ViewController.swift */ = {isa = PBXFileReference; lastKnownFileType = sourcecode.swift; path = ViewController.swift; sourceTree = "<group>"; };
		1309F4021D9A246F000D32B2 /* Base */ = {isa = PBXFileReference; lastKnownFileType = file.storyboard; name = Base; path = Base.lproj/Main.storyboard; sourceTree = "<group>"; };
		1309F4041D9A246F000D32B2 /* Assets.xcassets */ = {isa = PBXFileReference; lastKnownFileType = folder.assetcatalog; path = Assets.xcassets; sourceTree = "<group>"; };
		1309F4071D9A246F000D32B2 /* Base */ = {isa = PBXFileReference; lastKnownFileType = file.storyboard; name = Base; path = Base.lproj/LaunchScreen.storyboard; sourceTree = "<group>"; };
		1309F4091D9A246F000D32B2 /* Info.plist */ = {isa = PBXFileReference; lastKnownFileType = text.plist.xml; path = Info.plist; sourceTree = "<group>"; };
		1309F40F1D9A248A000D32B2 /* IUOBridgeExample-Bridging-Header.h */ = {isa = PBXFileReference; lastKnownFileType = sourcecode.c.h; path = "IUOBridgeExample-Bridging-Header.h"; sourceTree = "<group>"; };
		1309F4151D9A24D2000D32B2 /* Dog.h */ = {isa = PBXFileReference; fileEncoding = 4; lastKnownFileType = sourcecode.c.h; path = Dog.h; sourceTree = "<group>"; };
		1309F4161D9A24D2000D32B2 /* Dog.m */ = {isa = PBXFileReference; fileEncoding = 4; lastKnownFileType = sourcecode.c.objc; path = Dog.m; sourceTree = "<group>"; };
/* End PBXFileReference section */

/* Begin PBXFrameworksBuildPhase section */
		1309F3F71D9A246E000D32B2 /* Frameworks */ = {
			isa = PBXFrameworksBuildPhase;
			buildActionMask = 2147483647;
			files = (
			);
			runOnlyForDeploymentPostprocessing = 0;
		};
/* End PBXFrameworksBuildPhase section */

/* Begin PBXGroup section */
		1309F3F11D9A246E000D32B2 = {
			isa = PBXGroup;
			children = (
				1309F3FC1D9A246E000D32B2 /* IUOBridgeExample */,
				1309F3FB1D9A246E000D32B2 /* Products */,
			);
			sourceTree = "<group>";
		};
		1309F3FB1D9A246E000D32B2 /* Products */ = {
			isa = PBXGroup;
			children = (
				1309F3FA1D9A246E000D32B2 /* IUOBridgeExample.app */,
			);
			name = Products;
			sourceTree = "<group>";
		};
		1309F3FC1D9A246E000D32B2 /* IUOBridgeExample */ = {
			isa = PBXGroup;
			children = (
				1309F3FD1D9A246F000D32B2 /* AppDelegate.swift */,
				1309F3FF1D9A246F000D32B2 /* ViewController.swift */,
				1309F4011D9A246F000D32B2 /* Main.storyboard */,
				1309F4041D9A246F000D32B2 /* Assets.xcassets */,
				1309F4061D9A246F000D32B2 /* LaunchScreen.storyboard */,
				1309F4091D9A246F000D32B2 /* Info.plist */,
				1309F40F1D9A248A000D32B2 /* IUOBridgeExample-Bridging-Header.h */,
				1309F4151D9A24D2000D32B2 /* Dog.h */,
				1309F4161D9A24D2000D32B2 /* Dog.m */,
			);
			path = IUOBridgeExample;
			sourceTree = "<group>";
		};
/* End PBXGroup section */

/* Begin PBXNativeTarget section */
		1309F3F91D9A246E000D32B2 /* IUOBridgeExample */ = {
			isa = PBXNativeTarget;
			buildConfigurationList = 1309F40C1D9A246F000D32B2 /* Build configuration list for PBXNativeTarget "IUOBridgeExample" */;
			buildPhases = (
				1309F3F61D9A246E000D32B2 /* Sources */,
				1309F3F71D9A246E000D32B2 /* Frameworks */,
				1309F3F81D9A246E000D32B2 /* Resources */,
			);
			buildRules = (
			);
			dependencies = (
			);
			name = IUOBridgeExample;
			productName = IUOBridgeExample;
			productReference = 1309F3FA1D9A246E000D32B2 /* IUOBridgeExample.app */;
			productType = "com.apple.product-type.application";
		};
/* End PBXNativeTarget section */

/* Begin PBXProject section */
		1309F3F21D9A246E000D32B2 /* Project object */ = {
			isa = PBXProject;
			attributes = {
				LastSwiftUpdateCheck = 0800;
				LastUpgradeCheck = 0800;
				ORGANIZATIONNAME = benasher44;
				TargetAttributes = {
					1309F3F91D9A246E000D32B2 = {
						CreatedOnToolsVersion = 8.0;
						LastSwiftMigration = 0800;
						ProvisioningStyle = Automatic;
					};
				};
			};
			buildConfigurationList = 1309F3F51D9A246E000D32B2 /* Build configuration list for PBXProject "IUOBridgeExample" */;
			compatibilityVersion = "Xcode 3.2";
			developmentRegion = English;
			hasScannedForEncodings = 0;
			knownRegions = (
				en,
				Base,
			);
			mainGroup = 1309F3F11D9A246E000D32B2;
			productRefGroup = 1309F3FB1D9A246E000D32B2 /* Products */;
			projectDirPath = "";
			projectRoot = "";
			targets = (
				1309F3F91D9A246E000D32B2 /* IUOBridgeExample */,
			);
		};
/* End PBXProject section */

/* Begin PBXResourcesBuildPhase section */
		1309F3F81D9A246E000D32B2 /* Resources */ = {
			isa = PBXResourcesBuildPhase;
			buildActionMask = 2147483647;
			files = (
				1309F4081D9A246F000D32B2 /* LaunchScreen.storyboard in Resources */,
				1309F4051D9A246F000D32B2 /* Assets.xcassets in Resources */,
				1309F4031D9A246F000D32B2 /* Main.storyboard in Resources */,
			);
			runOnlyForDeploymentPostprocessing = 0;
		};
/* End PBXResourcesBuildPhase section */

/* Begin PBXSourcesBuildPhase section */
		1309F3F61D9A246E000D32B2 /* Sources */ = {
			isa = PBXSourcesBuildPhase;
			buildActionMask = 2147483647;
			files = (
				1309F4171D9A24D2000D32B2 /* Dog.m in Sources */,
				1309F4001D9A246F000D32B2 /* ViewController.swift in Sources */,
				1309F3FE1D9A246F000D32B2 /* AppDelegate.swift in Sources */,
			);
			runOnlyForDeploymentPostprocessing = 0;
		};
/* End PBXSourcesBuildPhase section */

/* Begin PBXVariantGroup section */
		1309F4011D9A246F000D32B2 /* Main.storyboard */ = {
			isa = PBXVariantGroup;
			children = (
				1309F4021D9A246F000D32B2 /* Base */,
			);
			name = Main.storyboard;
			sourceTree = "<group>";
		};
		1309F4061D9A246F000D32B2 /* LaunchScreen.storyboard */ = {
			isa = PBXVariantGroup;
			children = (
				1309F4071D9A246F000D32B2 /* Base */,
			);
			name = LaunchScreen.storyboard;
			sourceTree = "<group>";
		};
/* End PBXVariantGroup section */

/* Begin XCBuildConfiguration section */
		1309F40A1D9A246F000D32B2 /* Debug */ = {
			isa = XCBuildConfiguration;
			buildSettings = {
				ALWAYS_SEARCH_USER_PATHS = NO;
				CLANG_ANALYZER_NONNULL = YES;
				CLANG_CXX_LANGUAGE_STANDARD = "gnu++0x";
				CLANG_CXX_LIBRARY = "libc++";
				CLANG_ENABLE_MODULES = YES;
				CLANG_ENABLE_OBJC_ARC = YES;
				CLANG_WARN_BOOL_CONVERSION = YES;
				CLANG_WARN_CONSTANT_CONVERSION = YES;
				CLANG_WARN_DIRECT_OBJC_ISA_USAGE = YES_ERROR;
				CLANG_WARN_DOCUMENTATION_COMMENTS = YES;
				CLANG_WARN_EMPTY_BODY = YES;
				CLANG_WARN_ENUM_CONVERSION = YES;
				CLANG_WARN_INFINITE_RECURSION = YES;
				CLANG_WARN_INT_CONVERSION = YES;
				CLANG_WARN_OBJC_ROOT_CLASS = YES_ERROR;
				CLANG_WARN_SUSPICIOUS_MOVES = YES;
				CLANG_WARN_UNREACHABLE_CODE = YES;
				CLANG_WARN__DUPLICATE_METHOD_MATCH = YES;
				"CODE_SIGN_IDENTITY[sdk=iphoneos*]" = "iPhone Developer";
				COPY_PHASE_STRIP = NO;
				DEBUG_INFORMATION_FORMAT = dwarf;
				ENABLE_STRICT_OBJC_MSGSEND = YES;
				ENABLE_TESTABILITY = YES;
				GCC_C_LANGUAGE_STANDARD = gnu99;
				GCC_DYNAMIC_NO_PIC = NO;
				GCC_NO_COMMON_BLOCKS = YES;
				GCC_OPTIMIZATION_LEVEL = 0;
				GCC_PREPROCESSOR_DEFINITIONS = (
					"DEBUG=1",
					"$(inherited)",
				);
				GCC_WARN_64_TO_32_BIT_CONVERSION = YES;
				GCC_WARN_ABOUT_RETURN_TYPE = YES_ERROR;
				GCC_WARN_UNDECLARED_SELECTOR = YES;
				GCC_WARN_UNINITIALIZED_AUTOS = YES_AGGRESSIVE;
				GCC_WARN_UNUSED_FUNCTION = YES;
				GCC_WARN_UNUSED_VARIABLE = YES;
				IPHONEOS_DEPLOYMENT_TARGET = 10.0;
				MTL_ENABLE_DEBUG_INFO = YES;
				ONLY_ACTIVE_ARCH = YES;
				SDKROOT = iphoneos;
				SWIFT_ACTIVE_COMPILATION_CONDITIONS = DEBUG;
				SWIFT_OPTIMIZATION_LEVEL = "-Onone";
			};
			name = Debug;
		};
		1309F40B1D9A246F000D32B2 /* Release */ = {
			isa = XCBuildConfiguration;
			buildSettings = {
				ALWAYS_SEARCH_USER_PATHS = NO;
				CLANG_ANALYZER_NONNULL = YES;
				CLANG_CXX_LANGUAGE_STANDARD = "gnu++0x";
				CLANG_CXX_LIBRARY = "libc++";
				CLANG_ENABLE_MODULES = YES;
				CLANG_ENABLE_OBJC_ARC = YES;
				CLANG_WARN_BOOL_CONVERSION = YES;
				CLANG_WARN_CONSTANT_CONVERSION = YES;
				CLANG_WARN_DIRECT_OBJC_ISA_USAGE = YES_ERROR;
				CLANG_WARN_DOCUMENTATION_COMMENTS = YES;
				CLANG_WARN_EMPTY_BODY = YES;
				CLANG_WARN_ENUM_CONVERSION = YES;
				CLANG_WARN_INFINITE_RECURSION = YES;
				CLANG_WARN_INT_CONVERSION = YES;
				CLANG_WARN_OBJC_ROOT_CLASS = YES_ERROR;
				CLANG_WARN_SUSPICIOUS_MOVES = YES;
				CLANG_WARN_UNREACHABLE_CODE = YES;
				CLANG_WARN__DUPLICATE_METHOD_MATCH = YES;
				"CODE_SIGN_IDENTITY[sdk=iphoneos*]" = "iPhone Developer";
				COPY_PHASE_STRIP = NO;
				DEBUG_INFORMATION_FORMAT = "dwarf-with-dsym";
				ENABLE_NS_ASSERTIONS = NO;
				ENABLE_STRICT_OBJC_MSGSEND = YES;
				GCC_C_LANGUAGE_STANDARD = gnu99;
				GCC_NO_COMMON_BLOCKS = YES;
				GCC_WARN_64_TO_32_BIT_CONVERSION = YES;
				GCC_WARN_ABOUT_RETURN_TYPE = YES_ERROR;
				GCC_WARN_UNDECLARED_SELECTOR = YES;
				GCC_WARN_UNINITIALIZED_AUTOS = YES_AGGRESSIVE;
				GCC_WARN_UNUSED_FUNCTION = YES;
				GCC_WARN_UNUSED_VARIABLE = YES;
				IPHONEOS_DEPLOYMENT_TARGET = 10.0;
				MTL_ENABLE_DEBUG_INFO = NO;
				SDKROOT = iphoneos;
				SWIFT_OPTIMIZATION_LEVEL = "-Owholemodule";
				VALIDATE_PRODUCT = YES;
			};
			name = Release;
		};
		1309F40D1D9A246F000D32B2 /* Debug */ = {
			isa = XCBuildConfiguration;
			buildSettings = {
				ASSETCATALOG_COMPILER_APPICON_NAME = AppIcon;
				CLANG_ENABLE_MODULES = YES;
				INFOPLIST_FILE = IUOBridgeExample/Info.plist;
				LD_RUNPATH_SEARCH_PATHS = "$(inherited) @executable_path/Frameworks";
				PRODUCT_BUNDLE_IDENTIFIER = benasher44.IUOBridgeExample;
				PRODUCT_NAME = "$(TARGET_NAME)";
				SWIFT_OBJC_BRIDGING_HEADER = "IUOBridgeExample/IUOBridgeExample-Bridging-Header.h";
				SWIFT_OPTIMIZATION_LEVEL = "-Onone";
				SWIFT_VERSION = 3.0;
			};
			name = Debug;
		};
		1309F40E1D9A246F000D32B2 /* Release */ = {
			isa = XCBuildConfiguration;
			buildSettings = {
				ASSETCATALOG_COMPILER_APPICON_NAME = AppIcon;
				CLANG_ENABLE_MODULES = YES;
				INFOPLIST_FILE = IUOBridgeExample/Info.plist;
				LD_RUNPATH_SEARCH_PATHS = "$(inherited) @executable_path/Frameworks";
				PRODUCT_BUNDLE_IDENTIFIER = benasher44.IUOBridgeExample;
				PRODUCT_NAME = "$(TARGET_NAME)";
				SWIFT_OBJC_BRIDGING_HEADER = "IUOBridgeExample/IUOBridgeExample-Bridging-Header.h";
				SWIFT_VERSION = 3.0;
			};
			name = Release;
		};
/* End XCBuildConfiguration section */

/* Begin XCConfigurationList section */
		1309F3F51D9A246E000D32B2 /* Build configuration list for PBXProject "IUOBridgeExample" */ = {
			isa = XCConfigurationList;
			buildConfigurations = (
				1309F40A1D9A246F000D32B2 /* Debug */,
				1309F40B1D9A246F000D32B2 /* Release */,
			);
			defaultConfigurationIsVisible = 0;
			defaultConfigurationName = Release;
		};
		1309F40C1D9A246F000D32B2 /* Build configuration list for PBXNativeTarget "IUOBridgeExample" */ = {
			isa = XCConfigurationList;
			buildConfigurations = (
				1309F40D1D9A246F000D32B2 /* Debug */,
				1309F40E1D9A246F000D32B2 /* Release */,
			);
			defaultConfigurationIsVisible = 0;
		};
/* End XCConfigurationList section */
	};
	rootObject = 1309F3F21D9A246E000D32B2 /* Project object */;
}
